git.sr.ht/~sbinet/gg v0.6.0 h1:RIzgkizAk+9r7uPzf/VfbJHBMKUr0F5hRFxTUGMnt38=
git.sr.ht/~sbinet/gg v0.6.0/go.mod h1:uucygbfC9wVPQIfrmwM2et0imr8L7KQWywX0xpFMm94=
github.com/ByteArena/poly2tri-go v0.0.0-20170716161910-d102ad91854f h1:l7moT9o/v/9acCWA64Yz/HDLqjcRTvc0noQACi4MsJw=
github.com/ByteArena/poly2tri-go v0.0.0-20170716161910-d102ad91854f/go.mod h1:vIOkSdX3NDCPwgu8FIuTat2zDF0FPXXQ0RYFRy+oQic=
github.com/ajstarks/svgo v0.0.0-20211024235047-1546f124cd8b h1:slYM766cy2nI3BwyRiyQj/Ud48djTMtMebDqepE95rw=
github.com/ajstarks/svgo v0.0.0-20211024235047-1546f124cd8b/go.mod h1:1KcenG0jGWcpt8ov532z81sp/kMMUG485J2InIOyADM=
github.com/andybalholm/brotli v1.1.1 h1:PR2pgnyFznKEugtsUo0xLdDop5SKXd5Qf5ysW+7XdTA=
github.com/andybalholm/brotli v1.1.1/go.mod h1:05ib4cKhjx3OQYUY22hTVd34Bc8upXjOLL2rKwwZBoA=
github.com/benoitkugler/pstokenizer v1.0.0/go.mod h1:l1G2Voirz0q/jj0TQfabNxVsa8HZXh/VMxFSRALWTiE=
github.com/benoitkugler/textlayout v0.3.0/go.mod h1:o+1hFV+JSHBC9qNLIuwVoLedERU7sBPgEFcuSgfvi/w=
github.com/benoitkugler/textlayout v0.3.1 h1:hXCAJv3/8oF2mm68jledvbq85l6dA+aOYkwnzH5v4F8=
github.com/benoitkugler/textlayout v0.3.1/go.mod h1:o+1hFV+JSHBC9qNLIuwVoLedERU7sBPgEFcuSgfvi/w=
github.com/benoitkugler/textlayout-testdata v0.1.1/go.mod h1:i/qZl09BbUOtd7Bu/W1CAubRwTWrEXWq6JwMkw8wYxo=
github.com/benoitkugler/textprocessing v0.0.3 h1:Q2X+Z6vxuW5Bxn1R9RaNt0qcprBfpc2hEUDeTlz90Ng=
github.com/benoitkugler/textprocessing v0.0.3/go.mod h1:/4bLyCf1QYywunMK3Gf89Nhb50YI/9POewqrLxWhxd4=
github.com/campoy/embedmd v1.0.0 h1:V4kI2qTJJLf4J29RzI/MAt2c3Bl4dQSYPuflzwFH2hY=
github.com/campoy/embedmd v1.0.0/go.mod h1:oxyr9RCiSXg0M3VJ3ks0UGfp98BpSSGr0kpiX3MzVl8=
github.com/go-fonts/latin-modern v0.3.3 h1:g2xNgI8yzdNzIVm+qvbMryB6yGPe0pSMss8QT3QwlJ0=
github.com/go-fonts/latin-modern v0.3.3/go.mod h1:tHaiWDGze4EPB0Go4cLT5M3QzRY3peya09Z/8KSCrpY=
github.com/go-fonts/liberation v0.3.3 h1:tM/T2vEOhjia6v5krQu8SDDegfH1SfXVRUNNKpq0Usk=
github.com/go-fonts/liberation v0.3.3/go.mod h1:eUAzNRuJnpSnd1sm2EyloQfSOT79pdw7X7++Ri+3MCU=
github.com/go-latex/latex v0.0.0-20240709081214-31cef3c7570e h1:xcdj0LWnMSIU1j8+jIeJyfvk6SjgJedFQssSqFthJ2E=
github.com/go-latex/latex v0.0.0-20240709081214-31cef3c7570e/go.mod h1:J4SAGzkcl+28QWi7yz72tyC/4aGnppOvya+AEv4TaAQ=
github.com/go-pdf/fpdf v0.9.0 h1:PPvSaUuo1iMi9KkaAn90NuKi+P4gwMedWPHhj8YlJQw=
github.com/go-pdf/fpdf v0.9.0/go.mod h1:oO8N111TkmKb9D7VvWGLvLJlaZUQVPM+6V42pp3iV4Y=
github.com/go-text/typesetting v0.2.1 h1:x0jMOGyO3d1qFAPI0j4GSsh7M0Q3Ypjzr4+CEVg82V8=
github.com/go-text/typesetting v0.2.1/go.mod h1:mTOxEwasOFpAMBjEQDhdWRckoLLeI/+qrQeBCTGEt6M=
github.com/go-text/typesetting-utils v0.0.0-20241103174707-87a29e9e6066 h1:qCuYC+94v2xrb1PoS4NIDe7DGYtLnU2wWiQe9a1B1c0=
github.com/go-text/typesetting-utils v0.0.0-20241103174707-87a29e9e6066/go.mod h1:DDxDdQEnB70R8owOx3LVpEFvpMK9eeH1o2r0yZhFI9o=
github.com/golang/freetype v0.0.0-20170609003504-e2365dfdc4a0 h1:DACJavvAHhabrF08vX0COfcOBJRhZ8lUbR+ZWIs0Y5g=
github.com/golang/freetype v0.0.0-20170609003504-e2365dfdc4a0/go.mod h1:E/TSTwGwJL78qG/PmXZO1EjYhfJinVAhrmmHX6Z8B9k=
github.com/kenshaw/colors v0.2.1 h1:faVXggEiC12dah/CEec8qvbRGbyp6Zx+OwaH3Y/6sB4=
github.com/kenshaw/colors v0.2.1/go.mod h1:Aok7+9KpR+qEwgCxDEoLBS6IGFhY1iRJIzbcv5ijewI=
github.com/kenshaw/rasterm v0.1.12 h1:NfxlvB+HI02tOIUHv+4gV2rC/MstIQb0wBCC5mL8It0=
github.com/kenshaw/rasterm v0.1.12/go.mod h1:oKL76NdzLgqRc+d4cHAi5btI1kx5JhnLm11GIzxRlkE=
github.com/mattn/go-sixel v0.0.5 h1:55w2FR5ncuhKhXrM5ly1eiqMQfZsnAHIpYNGZX03Cv8=
github.com/mattn/go-sixel v0.0.5/go.mod h1:h2Sss+DiUEHy0pUqcIB6PFXo5Cy8sTQEFr3a9/5ZLNw=
github.com/pmezard/go-difflib v1.0.0 h1:4DBwDE0NGyQoBHbLQYPwSUPoCMWR5BEzIk/f1lZbAQM=
github.com/pmezard/go-difflib v1.0.0/go.mod h1:iKH77koFhYxTK1pcRnkKkqfTogsbg7gZNVY4sRDYZ/4=
github.com/soniakeys/quant v1.0.0 h1:N1um9ktjbkZVcywBVAAYpZYSHxEfJGzshHCxx/DaI0Y=
github.com/soniakeys/quant v1.0.0/go.mod h1:HI1k023QuVbD4H8i9YdfZP2munIHU4QpjsImz6Y6zds=
github.com/spf13/pflag v1.0.6 h1:jFzHGLGAlb3ruxLB8MhbI6A8+AQX/2eW4qeyNZXNp2o=
github.com/spf13/pflag v1.0.6/go.mod h1:McXfInJRrz4CZXVZOBLb0bTZqETkiAhM9Iw0y3An2Bg=
github.com/tdewolff/canvas v0.0.0-20250121210638-095c8720cf5b h1:hGlhmAjxo8Yw1mEKliRu0RzxIP+CXkTS9UyM5VObFCE=
github.com/tdewolff/canvas v0.0.0-20250121210638-095c8720cf5b/go.mod h1:gdKSRtBFBKd4Ty6ivWKct1o3TfhgG6TDJzKP90vEIyA=
github.com/tdewolff/font v0.0.0-20250120192450-68a3ecdf9008 h1:qjVwh/3ItmR7J2cZt8vfpwGOwG8Azw7TAk1O9oD6O+4=
github.com/tdewolff/font v0.0.0-20250120192450-68a3ecdf9008/go.mod h1:qCEdvMrY8e5eoJdaYEDaCV9NYKzlFCYFPUQwlGHJ9tk=
github.com/tdewolff/minify/v2 v2.21.3 h1:KmhKNGrN/dGcvb2WDdB5yA49bo37s+hcD8RiF+lioV8=
github.com/tdewolff/minify/v2 v2.21.3/go.mod h1:iGxHaGiONAnsYuo8CRyf8iPUcqRJVB/RhtEcTpqS7xw=
github.com/tdewolff/parse/v2 v2.7.20 h1:Y33JmRLjyGhX5JRvYh+CO6Sk6pGMw3iO5eKGhUhx8JE=
github.com/tdewolff/parse/v2 v2.7.20/go.mod h1:3FbJWZp3XT9OWVN3Hmfp0p/a08v4h8J9W1aghka0soA=
github.com/tdewolff/test v1.0.11-0.20231101010635-f1265d231d52/go.mod h1:6DAvZliBAAnD7rhVgwaM7DE5/d9NMOAJ09SqYqeK4QE=
github.com/tdewolff/test v1.0.11-0.20240106005702-7de5f7df4739 h1:IkjBCtQOOjIn03u/dMQK9g+Iw9ewps4mCl1nB8Sscbo=
github.com/tdewolff/test v1.0.11-0.20240106005702-7de5f7df4739/go.mod h1:XPuWBzvdUzhCuxWO1ojpXsyzsA5bFoS3tO/Q3kFuTG8=
github.com/xo/ox v0.0.0-20250130034615-44e38f949f5c h1:Z9wImRKJ+R7sMR51wEFHvTYXl7tjtpsRi2VDwCSX3Bg=
github.com/xo/ox v0.0.0-20250130034615-44e38f949f5c/go.mod h1:pwpZ1qT1CjQI+tV5S3pcJaDrdyiCpupYkaYeSr0bp5A=
github.com/xyproto/randomstring v1.0.5 h1:YtlWPoRdgMu3NZtP45drfy1GKoojuR7hmRcnhZqKjWU=
github.com/xyproto/randomstring v1.0.5/go.mod h1:rgmS5DeNXLivK7YprL0pY+lTuhNQW3iGxZ18UQApw/E=
golang.org/x/image v0.0.0-20210504121937-7319ad40d33e/go.mod h1:FeLwcggjj3mMvU+oOTbSwawSJRM1uh48EjtB4UJZlP0=
golang.org/x/image v0.23.0 h1:HseQ7c2OpPKTPVzNjG5fwJsOTCiiwS4QdsYi5XU6H68=
golang.org/x/image v0.23.0/go.mod h1:wJJBTdLfCCf3tiHa1fNxpZmUI4mmoZvwMCPP0ddoNKY=
golang.org/x/net v0.0.0-20210510120150-4163338589ed/go.mod h1:9nx3DQGgdP8bBQD5qxJ1jj9UTztislL4KSBs9R2vV5Y=
golang.org/x/net v0.34.0 h1:Mb7Mrk043xzHgnRM88suvJFwzVrRfHEHJEl5/71CKw0=
golang.org/x/net v0.34.0/go.mod h1:di0qlW3YNM5oh6GqDGQr92MyTozJPmybPK4Ev/Gm31k=
golang.org/x/sys v0.0.0-20201119102817-f84b799fce68/go.mod h1:h1NjWce9XRLGQEsW7wpKNCjG9DtNlClVuFLEZdDNbEs=
golang.org/x/sys v0.0.0-20210423082822-04245dca01da/go.mod h1:h1NjWce9XRLGQEsW7wpKNCjG9DtNlClVuFLEZdDNbEs=
golang.org/x/sys v0.29.0 h1:TPYlXGxvx1MGTn2GiZDhnjPA9wZzZeGKHHmKhHYvgaU=
golang.org/x/sys v0.29.0/go.mod h1:/VUhepiaJMQUp4+oa/7Zr1D23ma6VTLIYjOOTFZPUcA=
golang.org/x/term v0.0.0-20201126162022-7de9c90e9dd1/go.mod h1:bj7SfCRtBDWHUb9snDiAeCFNEtKQo2Wmx5Cou7ajbmo=
golang.org/x/term v0.28.0 h1:/Ts8HFuMR2E6IP/jlo7QVLZHggjKQbhu/7H0LJFr3Gg=
golang.org/x/term v0.28.0/go.mod h1:Sw/lC2IAUZ92udQNf3WodGtn4k/XoLyZoh8v/8uiwek=
golang.org/x/text v0.3.0/go.mod h1:NqM8EUOU14njkJ3fqMW+pc6Ldnwhi/IjpwHt7yyuwOQ=
golang.org/x/text v0.3.6/go.mod h1:5Zoc/QRtKVWzQhOtBMvqHzDpF6irO9z98xDceosuGiQ=
golang.org/x/text v0.3.7/go.mod h1:u+2+/6zg+i71rQMx5EYifcz6MCKuco9NR6JIITiCfzQ=
golang.org/x/text v0.21.0 h1:zyQAAkrwaneQ066sspRyJaG9VNi/YJ1NfzcGB3hZ/qo=
golang.org/x/text v0.21.0/go.mod h1:4IBbMaMmOPCJ8SecivzSH54+73PCFmPWxNTLm+vZkEQ=
golang.org/x/tools v0.0.0-20180917221912-90fa682c2a6e/go.mod h1:n7NCudcB/nEzxVGmLbDWY5pfWTLqBcC2KZ6jyYvM4mQ=
gonum.org/v1/plot v0.15.0 h1:SIFtFNdZNWLRDRVjD6CYxdawcpJDWySZehJGpv1ukkw=
gonum.org/v1/plot v0.15.0/go.mod h1:3Nx4m77J4T/ayr/b8dQ8uGRmZF6H3eTqliUExDrQHnM=
star-tex.org/x/tex v0.5.0 h1:KXxY58YioX9kLvjEzIl61JH4IvWob3FSQQ5DiU3RQ3M=
star-tex.org/x/tex v0.5.0/go.mod h1:k7py0yK2wZM4aJSgN1RonpvnxgEgIqC0i/x7kKR9GZI=
